// !$*UTF8*$!
{
	archiveVersion = 1;
	classes = {
	};
	objectVersion = 46;
	objects = {

/* Begin PBXFileReference section */
		533293201661CAF500E8ACDB /* LibFlac.vcxproj */ = {isa = PBXFileReference; lastKnownFileType = text.xml; path = LibFlac.vcxproj; sourceTree = "<group>"; };
		533293211661CAF500E8ACDB /* LibGsm.vcxproj */ = {isa = PBXFileReference; lastKnownFileType = text.xml; path = LibGsm.vcxproj; sourceTree = "<group>"; };
		533293221661CAF500E8ACDB /* LibId3Tag.vcxproj */ = {isa = PBXFileReference; lastKnownFileType = text.xml; path = LibId3Tag.vcxproj; sourceTree = "<group>"; };
		533293231661CAF500E8ACDB /* LibLpc10.vcxproj */ = {isa = PBXFileReference; lastKnownFileType = text.xml; path = LibLpc10.vcxproj; sourceTree = "<group>"; };
		533293241661CAF500E8ACDB /* LibMad.vcxproj */ = {isa = PBXFileReference; lastKnownFileType = text.xml; path = LibMad.vcxproj; sourceTree = "<group>"; };
		533293251661CAF500E8ACDB /* LibMp3Lame.vcxproj */ = {isa = PBXFileReference; lastKnownFileType = text.xml; path = LibMp3Lame.vcxproj; sourceTree = "<group>"; };
		533293261661CAF500E8ACDB /* LibOgg.vcxproj */ = {isa = PBXFileReference; lastKnownFileType = text.xml; path = LibOgg.vcxproj; sourceTree = "<group>"; };
		533293271661CAF500E8ACDB /* LibPng.vcxproj */ = {isa = PBXFileReference; lastKnownFileType = text.xml; path = LibPng.vcxproj; sourceTree = "<group>"; };
		533293281661CAF500E8ACDB /* LibSndFile.vcxproj */ = {isa = PBXFileReference; lastKnownFileType = text.xml; path = LibSndFile.vcxproj; sourceTree = "<group>"; };
		533293291661CAF500E8ACDB /* LibSndFileG72x.vcxproj */ = {isa = PBXFileReference; lastKnownFileType = text.xml; path = LibSndFileG72x.vcxproj; sourceTree = "<group>"; };
		5332932A1661CAF500E8ACDB /* LibSndFileGSM610.vcxproj */ = {isa = PBXFileReference; lastKnownFileType = text.xml; path = LibSndFileGSM610.vcxproj; sourceTree = "<group>"; };
		5332932B1661CAF500E8ACDB /* LibSoX.vcxproj */ = {isa = PBXFileReference; lastKnownFileType = text.xml; path = LibSoX.vcxproj; sourceTree = "<group>"; };
		5332932C1661CAF500E8ACDB /* LibSoX.vcxproj.filters */ = {isa = PBXFileReference; lastKnownFileType = text.xml; path = LibSoX.vcxproj.filters; sourceTree = "<group>"; };
		5332932D1661CAF500E8ACDB /* LibSpeex.vcxproj */ = {isa = PBXFileReference; lastKnownFileType = text.xml; path = LibSpeex.vcxproj; sourceTree = "<group>"; };
		5332932E1661CAF500E8ACDB /* LibVorbis.vcxproj */ = {isa = PBXFileReference; lastKnownFileType = text.xml; path = LibVorbis.vcxproj; sourceTree = "<group>"; };
		5332932F1661CAF500E8ACDB /* LibWavPack.vcxproj */ = {isa = PBXFileReference; lastKnownFileType = text.xml; path = LibWavPack.vcxproj; sourceTree = "<group>"; };
		533293301661CAF500E8ACDB /* LibZLib.vcxproj */ = {isa = PBXFileReference; lastKnownFileType = text.xml; path = LibZLib.vcxproj; sourceTree = "<group>"; };
		533293311661CAF500E8ACDB /* Mad */ = {isa = PBXFileReference; lastKnownFileType = folder; path = Mad; sourceTree = "<group>"; };
		533293321661CAF500E8ACDB /* Makefile */ = {isa = PBXFileReference; lastKnownFileType = sourcecode.make; path = Makefile; sourceTree = "<group>"; };
		533293331661CAF500E8ACDB /* Makefile.am */ = {isa = PBXFileReference; lastKnownFileType = text; path = Makefile.am; sourceTree = "<group>"; };
		533293341661CAF500E8ACDB /* Makefile.in */ = {isa = PBXFileReference; lastKnownFileType = text; path = Makefile.in; sourceTree = "<group>"; };
		533293351661CAF500E8ACDB /* Mp3Lame */ = {isa = PBXFileReference; lastKnownFileType = folder; path = Mp3Lame; sourceTree = "<group>"; };
		533293361661CAF500E8ACDB /* Png */ = {isa = PBXFileReference; lastKnownFileType = folder; path = Png; sourceTree = "<group>"; };
		533293371661CAF500E8ACDB /* Readme.txt */ = {isa = PBXFileReference; lastKnownFileType = text; path = Readme.txt; sourceTree = "<group>"; };
		533293381661CAF500E8ACDB /* SndFile */ = {isa = PBXFileReference; lastKnownFileType = folder; path = SndFile; sourceTree = "<group>"; };
		533293391661CAF500E8ACDB /* SoX */ = {isa = PBXFileReference; lastKnownFileType = folder; path = SoX; sourceTree = "<group>"; };
		5332933A1661CAF500E8ACDB /* SoX.sln */ = {isa = PBXFileReference; lastKnownFileType = text; path = SoX.sln; sourceTree = "<group>"; };
		5332933B1661CAF500E8ACDB /* SoX.vcxproj */ = {isa = PBXFileReference; lastKnownFileType = text.xml; path = SoX.vcxproj; sourceTree = "<group>"; };
/* End PBXFileReference section */

/* Begin PBXGroup section */
		533293181661CAF500E8ACDB = {
			isa = PBXGroup;
			children = (
				533293201661CAF500E8ACDB /* LibFlac.vcxproj */,
				533293211661CAF500E8ACDB /* LibGsm.vcxproj */,
				533293221661CAF500E8ACDB /* LibId3Tag.vcxproj */,
				533293231661CAF500E8ACDB /* LibLpc10.vcxproj */,
				533293241661CAF500E8ACDB /* LibMad.vcxproj */,
				533293251661CAF500E8ACDB /* LibMp3Lame.vcxproj */,
				533293261661CAF500E8ACDB /* LibOgg.vcxproj */,
				533293271661CAF500E8ACDB /* LibPng.vcxproj */,
				533293281661CAF500E8ACDB /* LibSndFile.vcxproj */,
				533293291661CAF500E8ACDB /* LibSndFileG72x.vcxproj */,
				5332932A1661CAF500E8ACDB /* LibSndFileGSM610.vcxproj */,
				5332932B1661CAF500E8ACDB /* LibSoX.vcxproj */,
				5332932C1661CAF500E8ACDB /* LibSoX.vcxproj.filters */,
				5332932D1661CAF500E8ACDB /* LibSpeex.vcxproj */,
				5332932E1661CAF500E8ACDB /* LibVorbis.vcxproj */,
				5332932F1661CAF500E8ACDB /* LibWavPack.vcxproj */,
				533293301661CAF500E8ACDB /* LibZLib.vcxproj */,
				533293311661CAF500E8ACDB /* Mad */,
				533293321661CAF500E8ACDB /* Makefile */,
				533293331661CAF500E8ACDB /* Makefile.am */,
				533293341661CAF500E8ACDB /* Makefile.in */,
				533293351661CAF500E8ACDB /* Mp3Lame */,
				533293361661CAF500E8ACDB /* Png */,
				533293371661CAF500E8ACDB /* Readme.txt */,
				533293381661CAF500E8ACDB /* SndFile */,
				533293391661CAF500E8ACDB /* SoX */,
				5332933A1661CAF500E8ACDB /* SoX.sln */,
				5332933B1661CAF500E8ACDB /* SoX.vcxproj */,
			);
			sourceTree = "<group>";
		};
/* End PBXGroup section */

/* Begin PBXLegacyTarget section */
		5332931F1661CAF500E8ACDB /* msvc10 */ = {
			isa = PBXLegacyTarget;
			buildArgumentsString = "$(ACTION)";
			buildConfigurationList = 5332933C1661CAF500E8ACDB /* Build configuration list for PBXLegacyTarget "msvc10" */;
			buildPhases = (
			);
			buildToolPath = /usr/bin/make;
			buildWorkingDirectory = "/Users/jiehou/Downloads/sox-14.4.0/msvc10";
			dependencies = (
			);
			name = msvc10;
			passBuildSettingsInEnvironment = 1;
			productName = msvc10;
		};
/* End PBXLegacyTarget section */

/* Begin PBXProject section */
		5332931A1661CAF500E8ACDB /* Project object */ = {
			isa = PBXProject;
			buildConfigurationList = 5332931D1661CAF500E8ACDB /* Build configuration list for PBXProject "msvc10" */;
			compatibilityVersion = "Xcode 3.2";
			developmentRegion = English;
			hasScannedForEncodings = 0;
			knownRegions = (
				en,
			);
			mainGroup = 533293181661CAF500E8ACDB;
			projectDirPath = "";
			projectRoot = "";
			targets = (
				5332931F1661CAF500E8ACDB /* msvc10 */,
			);
		};
/* End PBXProject section */

/* Begin XCBuildConfiguration section */
		5332931B1661CAF500E8ACDB /* Debug */ = {
			isa = XCBuildConfiguration;
			buildSettings = {
				ARCHS = "$(ARCHS_STANDARD_32_BIT)";
				COPY_PHASE_STRIP = NO;
				GCC_WARN_ABOUT_RETURN_TYPE = YES;
				GCC_WARN_UNUSED_VARIABLE = YES;
				ONLY_ACTIVE_ARCH = YES;
				SDKROOT = macosx10.6;
			};
			name = Debug;
		};
		5332931C1661CAF500E8ACDB /* Release */ = {
			isa = XCBuildConfiguration;
			buildSettings = {
				ARCHS = "$(ARCHS_STANDARD_32_BIT)";
				COPY_PHASE_STRIP = YES;
				GCC_WARN_ABOUT_RETURN_TYPE = YES;
				GCC_WARN_UNUSED_VARIABLE = YES;
				SDKROOT = macosx10.6;
			};
			name = Release;
		};
		5332933D1661CAF500E8ACDB /* Debug */ = {
			isa = XCBuildConfiguration;
			buildSettings = {
				COPY_PHASE_STRIP = NO;
				DEBUGGING_SYMBOLS = YES;
				GCC_DYNAMIC_NO_PIC = NO;
				GCC_ENABLE_FIX_AND_CONTINUE = YES;
				GCC_GENERATE_DEBUGGING_SYMBOLS = YES;
				GCC_OPTIMIZATION_LEVEL = 0;
				OTHER_CFLAGS = "";
				OTHER_LDFLAGS = "";
				PRODUCT_NAME = msvc10;
			};
			name = Debug;
		};
		5332933E1661CAF500E8ACDB /* Release */ = {
			isa = XCBuildConfiguration;
			buildSettings = {
				COPY_PHASE_STRIP = YES;
				DEBUG_INFORMATION_FORMAT = "dwarf-with-dsym";
				GCC_ENABLE_FIX_AND_CONTINUE = NO;
				OTHER_CFLAGS = "";
				OTHER_LDFLAGS = "";
				PRODUCT_NAME = msvc10;
			};
			name = Release;
		};
/* End XCBuildConfiguration section */

/* Begin XCConfigurationList section */
		5332931D1661CAF500E8ACDB /* Build configuration list for PBXProject "msvc10" */ = {
			isa = XCConfigurationList;
			buildConfigurations = (
				5332931B1661CAF500E8ACDB /* Debug */,
				5332931C1661CAF500E8ACDB /* Release */,
			);
			defaultConfigurationIsVisible = 0;
			defaultConfigurationName = Release;
		};
		5332933C1661CAF500E8ACDB /* Build configuration list for PBXLegacyTarget "msvc10" */ = {
			isa = XCConfigurationList;
			buildConfigurations = (
				5332933D1661CAF500E8ACDB /* Debug */,
				5332933E1661CAF500E8ACDB /* Release */,
			);
			defaultConfigurationIsVisible = 0;
			defaultConfigurationName = Release;
		};
/* End XCConfigurationList section */
	};
	rootObject = 5332931A1661CAF500E8ACDB /* Project object */;
}
